<?xml version="1.0" encoding="utf-8"?>
<Project ToolsVersion="17.0" xmlns="http://schemas.microsoft.com/developer/msbuild/2003">
  <ItemGroup>
    <ClCompile Include="C:\Proyects\GarinEngine\garin-core\src\AppSettings.cpp">
      <Filter>Source Files</Filter>
    </ClCompile>
    <ClCompile Include="C:\Proyects\GarinEngine\garin-core\src\ComponentFactory.cpp">
      <Filter>Source Files</Filter>
    </ClCompile>
    <ClCompile Include="C:\Proyects\GarinEngine\garin-core\src\DynamicLibLoader.cpp">
      <Filter>Source Files</Filter>
    </ClCompile>
    <ClCompile Include="C:\Proyects\GarinEngine\garin-core\src\FileManager.cpp">
      <Filter>Source Files</Filter>
    </ClCompile>
    <ClCompile Include="C:\Proyects\GarinEngine\garin-core\src\GAudio.cpp">
      <Filter>Source Files</Filter>
    </ClCompile>
    <ClCompile Include="C:\Proyects\GarinEngine\garin-core\src\GBody.cpp">
      <Filter>Source Files</Filter>
    </ClCompile>
    <ClCompile Include="C:\Proyects\GarinEngine\garin-core\src\GCaster.cpp">
      <Filter>Source Files</Filter>
    </ClCompile>
    <ClCompile Include="C:\Proyects\GarinEngine\garin-core\src\GCharacter.cpp">
      <Filter>Source Files</Filter>
    </ClCompile>
    <ClCompile Include="C:\Proyects\GarinEngine\garin-core\src\GCollision.cpp">
      <Filter>Source Files</Filter>
    </ClCompile>
    <ClCompile Include="C:\Proyects\GarinEngine\garin-core\src\GMaterial.cpp">
      <Filter>Source Files</Filter>
    </ClCompile>
    <ClCompile Include="C:\Proyects\GarinEngine\garin-core\src\GScript.cpp">
      <Filter>Source Files</Filter>
    </ClCompile>
    <ClCompile Include="C:\Proyects\GarinEngine\garin-core\src\GameBehaviour.cpp">
      <Filter>Source Files</Filter>
    </ClCompile>
    <ClCompile Include="C:\Proyects\GarinEngine\garin-core\src\GameBehaviourRunner.cpp">
      <Filter>Source Files</Filter>
    </ClCompile>
    <ClCompile Include="C:\Proyects\GarinEngine\garin-core\src\GarinUI.cpp">
      <Filter>Source Files</Filter>
    </ClCompile>
    <ClCompile Include="C:\Proyects\GarinEngine\garin-core\src\InputSystem.cpp">
      <Filter>Source Files</Filter>
    </ClCompile>
    <ClCompile Include="C:\Proyects\GarinEngine\garin-core\src\LightComponent.cpp">
      <Filter>Source Files</Filter>
    </ClCompile>
    <ClCompile Include="C:\Proyects\GarinEngine\garin-core\src\Lights.cpp">
      <Filter>Source Files</Filter>
    </ClCompile>
    <ClCompile Include="C:\Proyects\GarinEngine\garin-core\src\Loader.cpp">
      <Filter>Source Files</Filter>
    </ClCompile>
    <ClCompile Include="C:\Proyects\GarinEngine\garin-core\src\ModelComponent.cpp">
      <Filter>Source Files</Filter>
    </ClCompile>
    <ClCompile Include="C:\Proyects\GarinEngine\garin-core\src\types.cpp">
      <Filter>Source Files</Filter>
    </ClCompile>
    <ClCompile Include="C:\Proyects\GarinEngine\garin-scene\src\Scene.cpp">
      <Filter>Source Files</Filter>
    </ClCompile>
    <ClCompile Include="C:\Proyects\GarinEngine\garin-scene\src\SceneManager.cpp">
      <Filter>Source Files</Filter>
    </ClCompile>
    <ClCompile Include="C:\Proyects\GarinEngine\garin-ui\includes\ImGuizmo.cpp">
      <Filter>Source Files</Filter>
    </ClCompile>
    <ClCompile Include="C:\Proyects\GarinEngine\garin-ui\includes\crude_json.cpp">
      <Filter>Source Files</Filter>
    </ClCompile>
    <ClCompile Include="C:\Proyects\GarinEngine\garin-ui\includes\imgui.cpp">
      <Filter>Source Files</Filter>
    </ClCompile>
    <ClCompile Include="C:\Proyects\GarinEngine\garin-ui\includes\imgui_canvas.cpp">
      <Filter>Source Files</Filter>
    </ClCompile>
    <ClCompile Include="C:\Proyects\GarinEngine\garin-ui\includes\imgui_demo.cpp">
      <Filter>Source Files</Filter>
    </ClCompile>
    <ClCompile Include="C:\Proyects\GarinEngine\garin-ui\includes\imgui_draw.cpp">
      <Filter>Source Files</Filter>
    </ClCompile>
    <ClCompile Include="C:\Proyects\GarinEngine\garin-ui\includes\imgui_impl_glfw.cpp">
      <Filter>Source Files</Filter>
    </ClCompile>
    <ClCompile Include="C:\Proyects\GarinEngine\garin-ui\includes\imgui_impl_opengl3.cpp">
      <Filter>Source Files</Filter>
    </ClCompile>
    <ClCompile Include="C:\Proyects\GarinEngine\garin-ui\includes\imgui_node_editor.cpp">
      <Filter>Source Files</Filter>
    </ClCompile>
    <ClCompile Include="C:\Proyects\GarinEngine\garin-ui\includes\imgui_node_editor_api.cpp">
      <Filter>Source Files</Filter>
    </ClCompile>
    <ClCompile Include="C:\Proyects\GarinEngine\garin-ui\includes\imgui_tables.cpp">
      <Filter>Source Files</Filter>
    </ClCompile>
    <ClCompile Include="C:\Proyects\GarinEngine\garin-ui\includes\imgui_widgets.cpp">
      <Filter>Source Files</Filter>
    </ClCompile>
    <ClCompile Include="C:\Proyects\GarinEngine\garin-vr\src\vr.cpp">
      <Filter>Source Files</Filter>
    </ClCompile>
    <ClCompile Include="C:\Proyects\GarinEngine\garin-graphics\libs\glad.c">
      <Filter>Source Files</Filter>
    </ClCompile>
    <ClCompile Include="C:\Proyects\GarinEngine\garin-graphics\src\Drawer.cpp">
      <Filter>Source Files</Filter>
    </ClCompile>
    <ClCompile Include="C:\Proyects\GarinEngine\garin-graphics\src\Graphics.cpp">
      <Filter>Source Files</Filter>
    </ClCompile>
    <ClCompile Include="C:\Proyects\GarinEngine\garin-graphics\src\RenderGraphics.cpp">
      <Filter>Source Files</Filter>
    </ClCompile>
    <ClCompile Include="C:\Proyects\GarinEngine\garin-graphics\src\TextureManager.cpp">
      <Filter>Source Files</Filter>
    </ClCompile>
    <ClCompile Include="C:\Proyects\GarinEngine\garin-graphics\src\Timer.cpp">
      <Filter>Source Files</Filter>
    </ClCompile>
    <ClCompile Include="C:\Proyects\GarinEngine\garin-graphics\src\camera.cpp">
      <Filter>Source Files</Filter>
    </ClCompile>
    <ClCompile Include="C:\Proyects\GarinEngine\garin-physics\src\PhysicsEngine.cpp">
      <Filter>Source Files</Filter>
    </ClCompile>
    <ClCompile Include="C:\Proyects\GarinEngine\garin-audio\src\AudioManager.cpp">
      <Filter>Source Files</Filter>
    </ClCompile>
    <ClCompile Include="C:\Proyects\GarinEngine\garin-engine\src\AComponent.cpp">
      <Filter>Source Files</Filter>
    </ClCompile>
    <ClCompile Include="C:\Proyects\GarinEngine\garin-engine\src\AssetsUI.cpp">
      <Filter>Source Files</Filter>
    </ClCompile>
    <ClCompile Include="C:\Proyects\GarinEngine\garin-engine\src\CCharacter.cpp">
      <Filter>Source Files</Filter>
    </ClCompile>
    <ClCompile Include="C:\Proyects\GarinEngine\garin-engine\src\CCollider.cpp">
      <Filter>Source Files</Filter>
    </ClCompile>
    <ClCompile Include="C:\Proyects\GarinEngine\garin-engine\src\CGScript.cpp">
      <Filter>Source Files</Filter>
    </ClCompile>
    <ClCompile Include="C:\Proyects\GarinEngine\garin-engine\src\CMaterial.cpp">
      <Filter>Source Files</Filter>
    </ClCompile>
    <ClCompile Include="C:\Proyects\GarinEngine\garin-engine\src\CModel.cpp">
      <Filter>Source Files</Filter>
    </ClCompile>
    <ClCompile Include="C:\Proyects\GarinEngine\garin-engine\src\CRigidbody.cpp">
      <Filter>Source Files</Filter>
    </ClCompile>
    <ClCompile Include="C:\Proyects\GarinEngine\garin-engine\src\ComponentsDrawer.cpp">
      <Filter>Source Files</Filter>
    </ClCompile>
    <ClCompile Include="C:\Proyects\GarinEngine\garin-engine\src\EditorConfigs.cpp">
      <Filter>Source Files</Filter>
    </ClCompile>
    <ClCompile Include="C:\Proyects\GarinEngine\garin-engine\src\FileBrowser.cpp">
      <Filter>Source Files</Filter>
    </ClCompile>
    <ClCompile Include="C:\Proyects\GarinEngine\garin-engine\src\FilesUI.cpp">
      <Filter>Source Files</Filter>
    </ClCompile>
    <ClCompile Include="C:\Proyects\GarinEngine\garin-engine\src\GameSettingsUI.cpp">
      <Filter>Source Files</Filter>
    </ClCompile>
    <ClCompile Include="C:\Proyects\GarinEngine\garin-engine\src\HierarchyUI.cpp">
      <Filter>Source Files</Filter>
    </ClCompile>
    <ClCompile Include="C:\Proyects\GarinEngine\garin-engine\src\IconsManager.cpp">
      <Filter>Source Files</Filter>
    </ClCompile>
    <ClCompile Include="C:\Proyects\GarinEngine\garin-engine\src\InspectorUI.cpp">
      <Filter>Source Files</Filter>
    </ClCompile>
    <ClCompile Include="C:\Proyects\GarinEngine\garin-engine\src\MainBarUI.cpp">
      <Filter>Source Files</Filter>
    </ClCompile>
    <ClCompile Include="C:\Proyects\GarinEngine\garin-engine\src\MenuUI.cpp">
      <Filter>Source Files</Filter>
    </ClCompile>
    <ClCompile Include="C:\Proyects\GarinEngine\garin-engine\src\Node.cpp">
      <Filter>Source Files</Filter>
    </ClCompile>
    <ClCompile Include="C:\Proyects\GarinEngine\garin-engine\src\SceneData.cpp">
      <Filter>Source Files</Filter>
    </ClCompile>
    <ClCompile Include="C:\Proyects\GarinEngine\garin-engine\src\SceneFile.cpp">
      <Filter>Source Files</Filter>
    </ClCompile>
    <ClCompile Include="C:\Proyects\GarinEngine\garin-engine\src\SceneUI.cpp">
      <Filter>Source Files</Filter>
    </ClCompile>
    <ClCompile Include="C:\Proyects\GarinEngine\garin-engine\src\UIAdministrator.cpp">
      <Filter>Source Files</Filter>
    </ClCompile>
    <ClCompile Include="C:\Proyects\GarinEngine\garin-engine\src\UINotification.cpp">
      <Filter>Source Files</Filter>
    </ClCompile>
    <ClCompile Include="C:\Proyects\GarinEngine\garin-engine\src\gamescene.cpp">
      <Filter>Source Files</Filter>
    </ClCompile>
    <ClCompile Include="C:\Proyects\GarinEngine\garin-engine\src\main.cpp">
      <Filter>Source Files</Filter>
    </ClCompile>
  </ItemGroup>
  <ItemGroup>
    <CustomBuild Include="C:\Proyects\GarinEngine\Compiler-Lib\CMakeLists.txt" />
  </ItemGroup>
  <ItemGroup>
    <Filter Include="Source Files">
      <UniqueIdentifier>{5DB2A6AF-7D4E-36F9-AD65-B4D7B4D1E548}</UniqueIdentifier>
    </Filter>
  </ItemGroup>
</Project>
