
Microsoft Visual Studio Solution File, Format Version 12.00
# Visual Studio Version 17
Project("{8BC9CEB8-8B4A-11D0-8D11-00A0C91BC942}") = "ALL_BUILD", "ALL_BUILD.vcxproj", "{B146D3B6-6654-3E94-99E9-412305A3A8C3}"
	ProjectSection(ProjectDependencies) = postProject
		{17CB388E-DF43-3F65-8938-D9B64F33C879} = {17CB388E-DF43-3F65-8938-D9B64F33C879}
		{664C8AF9-D0B6-3397-9EFC-F55DB78D5DEB} = {664C8AF9-D0B6-3397-9EFC-F55DB78D5DEB}
	EndProjectSection
EndProject
Project("{8BC9CEB8-8B4A-11D0-8D11-00A0C91BC942}") = "GarinLibrary", "GarinLibrary.vcxproj", "{17CB388E-DF43-3F65-8938-D9B64F33C879}"
	ProjectSection(ProjectDependencies) = postProject
		{664C8AF9-D0B6-3397-9EFC-F55DB78D5DEB} = {664C8AF9-D0B6-3397-9EFC-F55DB78D5DEB}
	EndProjectSection
EndProject
Project("{8BC9CEB8-8B4A-11D0-8D11-00A0C91BC942}") = "ZERO_CHECK", "ZERO_CHECK.vcxproj", "{664C8AF9-D0B6-3397-9EFC-F55DB78D5DEB}"
	ProjectSection(ProjectDependencies) = postProject
	EndProjectSection
EndProject
Global
	GlobalSection(SolutionConfigurationPlatforms) = preSolution
		Debug|x64 = Debug|x64
		Release|x64 = Release|x64
		MinSizeRel|x64 = MinSizeRel|x64
		RelWithDebInfo|x64 = RelWithDebInfo|x64
	EndGlobalSection
	GlobalSection(ProjectConfigurationPlatforms) = postSolution
		{B146D3B6-6654-3E94-99E9-412305A3A8C3}.Debug|x64.ActiveCfg = Debug|x64
		{B146D3B6-6654-3E94-99E9-412305A3A8C3}.Release|x64.ActiveCfg = Release|x64
		{B146D3B6-6654-3E94-99E9-412305A3A8C3}.MinSizeRel|x64.ActiveCfg = MinSizeRel|x64
		{B146D3B6-6654-3E94-99E9-412305A3A8C3}.RelWithDebInfo|x64.ActiveCfg = RelWithDebInfo|x64
		{17CB388E-DF43-3F65-8938-D9B64F33C879}.Debug|x64.ActiveCfg = Debug|x64
		{17CB388E-DF43-3F65-8938-D9B64F33C879}.Debug|x64.Build.0 = Debug|x64
		{17CB388E-DF43-3F65-8938-D9B64F33C879}.Release|x64.ActiveCfg = Release|x64
		{17CB388E-DF43-3F65-8938-D9B64F33C879}.Release|x64.Build.0 = Release|x64
		{17CB388E-DF43-3F65-8938-D9B64F33C879}.MinSizeRel|x64.ActiveCfg = MinSizeRel|x64
		{17CB388E-DF43-3F65-8938-D9B64F33C879}.MinSizeRel|x64.Build.0 = MinSizeRel|x64
		{17CB388E-DF43-3F65-8938-D9B64F33C879}.RelWithDebInfo|x64.ActiveCfg = RelWithDebInfo|x64
		{17CB388E-DF43-3F65-8938-D9B64F33C879}.RelWithDebInfo|x64.Build.0 = RelWithDebInfo|x64
		{664C8AF9-D0B6-3397-9EFC-F55DB78D5DEB}.Debug|x64.ActiveCfg = Debug|x64
		{664C8AF9-D0B6-3397-9EFC-F55DB78D5DEB}.Debug|x64.Build.0 = Debug|x64
		{664C8AF9-D0B6-3397-9EFC-F55DB78D5DEB}.Release|x64.ActiveCfg = Release|x64
		{664C8AF9-D0B6-3397-9EFC-F55DB78D5DEB}.Release|x64.Build.0 = Release|x64
		{664C8AF9-D0B6-3397-9EFC-F55DB78D5DEB}.MinSizeRel|x64.ActiveCfg = MinSizeRel|x64
		{664C8AF9-D0B6-3397-9EFC-F55DB78D5DEB}.MinSizeRel|x64.Build.0 = MinSizeRel|x64
		{664C8AF9-D0B6-3397-9EFC-F55DB78D5DEB}.RelWithDebInfo|x64.ActiveCfg = RelWithDebInfo|x64
		{664C8AF9-D0B6-3397-9EFC-F55DB78D5DEB}.RelWithDebInfo|x64.Build.0 = RelWithDebInfo|x64
	EndGlobalSection
	GlobalSection(ExtensibilityGlobals) = postSolution
		SolutionGuid = {260FF17B-923B-3E4D-ABFB-08D616D8CC36}
	EndGlobalSection
	GlobalSection(ExtensibilityAddIns) = postSolution
	EndGlobalSection
EndGlobal
