
Microsoft Visual Studio Solution File, Format Version 12.00
# Visual Studio Version 17
VisualStudioVersion = 17.11.35222.181
MinimumVisualStudioVersion = 10.0.40219.1
Project("{FAE04EC0-301F-11D3-BF4B-00C04F79EFBC}") = "garin-hub", "garin-hub.csproj", "{AF89F5E0-BE94-427F-9F37-B8D2996DE2FF}"
EndProject
Global
	GlobalSection(SolutionConfigurationPlatforms) = preSolution
		Debug|Any CPU = Debug|Any CPU
		Release|Any CPU = Release|Any CPU
	EndGlobalSection
	GlobalSection(ProjectConfigurationPlatforms) = postSolution
		{AF89F5E0-BE94-427F-9F37-B8D2996DE2FF}.Debug|Any CPU.ActiveCfg = Debug|Any CPU
		{AF89F5E0-BE94-427F-9F37-B8D2996DE2FF}.Debug|Any CPU.Build.0 = Debug|Any CPU
		{AF89F5E0-BE94-427F-9F37-B8D2996DE2FF}.Release|Any CPU.ActiveCfg = Release|Any CPU
		{AF89F5E0-BE94-427F-9F37-B8D2996DE2FF}.Release|Any CPU.Build.0 = Release|Any CPU
	EndGlobalSection
	GlobalSection(SolutionProperties) = preSolution
		HideSolutionNode = FALSE
	EndGlobalSection
	GlobalSection(ExtensibilityGlobals) = postSolution
		SolutionGuid = {F2A0EAEF-272D-4E28-BB95-F133ED3448E4}
	EndGlobalSection
EndGlobal
