
Microsoft Visual Studio Solution File, Format Version 12.00
# Visual Studio Version 17
VisualStudioVersion = 17.11.35222.181
MinimumVisualStudioVersion = 10.0.40219.1
Project("{FAE04EC0-301F-11D3-BF4B-00C04F79EFBC}") = "MantraxGameCore", "MantraxGameCore.csproj", "{BD864D0C-03C1-4381-B641-2B74BC72E880}"
EndProject
Global
	GlobalSection(SolutionConfigurationPlatforms) = preSolution
		Debug|Any CPU = Debug|Any CPU
		Release|Any CPU = Release|Any CPU
	EndGlobalSection
	GlobalSection(ProjectConfigurationPlatforms) = postSolution
		{BD864D0C-03C1-4381-B641-2B74BC72E880}.Debug|Any CPU.ActiveCfg = Debug|Any CPU
		{BD864D0C-03C1-4381-B641-2B74BC72E880}.Debug|Any CPU.Build.0 = Debug|Any CPU
		{BD864D0C-03C1-4381-B641-2B74BC72E880}.Release|Any CPU.ActiveCfg = Release|Any CPU
		{BD864D0C-03C1-4381-B641-2B74BC72E880}.Release|Any CPU.Build.0 = Release|Any CPU
	EndGlobalSection
	GlobalSection(SolutionProperties) = preSolution
		HideSolutionNode = FALSE
	EndGlobalSection
	GlobalSection(ExtensibilityGlobals) = postSolution
		SolutionGuid = {F2B33FA3-C505-4479-A166-C2B1278F2687}
	EndGlobalSection
EndGlobal
