<?xml version="1.0" encoding="utf-8"?>
<Project ToolsVersion="17.0" xmlns="http://schemas.microsoft.com/developer/msbuild/2003">
  <ItemGroup>
    <ClCompile Include="C:\Proyects\GarinEngine\garin-data\packages\GarinGameCore.cpp">
      <Filter>Source Files</Filter>
    </ClCompile>
    <ClCompile Include="C:\Proyects\GarinEngine\garin-data\packages\TestDllImport.cpp">
      <Filter>Source Files</Filter>
    </ClCompile>
  </ItemGroup>
  <ItemGroup>
    <CustomBuild Include="C:\Proyects\GarinEngine\garin-data\packages\CMakeLists.txt" />
  </ItemGroup>
  <ItemGroup>
    <Filter Include="Source Files">
      <UniqueIdentifier>{2596ED45-949A-3493-B229-84CB1061F7C2}</UniqueIdentifier>
    </Filter>
  </ItemGroup>
</Project>
